
Microsoft Visual Studio Solution File, Format Version 11.00
# Visual Studio 2010
Project("{FAE04EC0-301F-11D3-BF4B-00C04F79EFBC}") = "ILE", "ILE\ILE.csproj", "{7BB4BE79-70CF-40EA-BB29-5D4A8914ED05}"
EndProject
Project("{FAE04EC0-301F-11D3-BF4B-00C04F79EFBC}") = "LEDAO", "LEDAO\LEDAO.csproj", "{2012C59C-413B-4F62-8FF8-18B4E3D25800}"
EndProject
Project("{FAE04EC0-301F-11D3-BF4B-00C04F79EFBC}") = "LEDIS", "LEDIS\LEDIS.csproj", "{977C2775-9990-4F97-9115-42D2E0AAA052}"
EndProject
Project("{FAE04EC0-301F-11D3-BF4B-00C04F79EFBC}") = "LEMES_POD", "LEMES_POD\LEMES_POD.csproj", "{FEEC80F0-6C85-4B60-9658-CDA3D03C10A7}"
EndProject
Project("{FAE04EC0-301F-11D3-BF4B-00C04F79EFBC}") = "LEMES_Print", "LEPrint\LEMES_Print.csproj", "{0248EB3A-98AB-43E8-9E6A-A5B1B7676905}"
EndProject
Project("{FAE04EC0-301F-11D3-BF4B-00C04F79EFBC}") = "DataBase", "DataBase1.1\DataBase.csproj", "{EABB28F9-0D8F-4152-BDD3-4DF086915914}"
EndProject
Project("{FAE04EC0-301F-11D3-BF4B-00C04F79EFBC}") = "RepairTool", "RepairTool\RepairTool.csproj", "{51AA2F7A-339E-45ED-A273-8BAB556A5759}"
	ProjectSection(ProjectDependencies) = postProject
		{977C2775-9990-4F97-9115-42D2E0AAA052} = {977C2775-9990-4F97-9115-42D2E0AAA052}
	EndProjectSection
EndProject
Project("{2150E333-8FDC-42A3-9474-1A3956D46DE8}") = "BL_Drivers", "BL_Drivers", "{CECED217-D24F-46EF-9548-700B508443FE}"
EndProject
Project("{2150E333-8FDC-42A3-9474-1A3956D46DE8}") = "DC_Drivers", "DC_Drivers", "{EA090EA4-4383-4375-A0C4-16E05E224536}"
EndProject
Project("{FAE04EC0-301F-11D3-BF4B-00C04F79EFBC}") = "DP_Expend", "BL_Drivers\DP_Expend\DP_Expend.csproj", "{58BD4F75-2070-4DF3-9DB7-0B1547FED6A6}"
EndProject
Project("{FAE04EC0-301F-11D3-BF4B-00C04F79EFBC}") = "DP_InPut", "BL_Drivers\DP_InPut\DP_InPut.csproj", "{81B7DDD1-D4E4-419D-B901-C4135878EDEC}"
EndProject
Project("{FAE04EC0-301F-11D3-BF4B-00C04F79EFBC}") = "DP001", "BL_Drivers\DP001\DP001.csproj", "{2FD7F87D-A87E-4FE0-9B0E-7CD25EAF2CD0}"
EndProject
Project("{FAE04EC0-301F-11D3-BF4B-00C04F79EFBC}") = "DP002", "BL_Drivers\DP002\DP002.csproj", "{EC4FB9AE-3B32-47D6-A891-70FD9AA2CB4D}"
EndProject
Project("{FAE04EC0-301F-11D3-BF4B-00C04F79EFBC}") = "DP003", "BL_Drivers\DP003\DP003.csproj", "{CF2A8342-0C4C-49E1-AE1F-8CF97C464AB1}"
EndProject
Project("{FAE04EC0-301F-11D3-BF4B-00C04F79EFBC}") = "DC_OpcMonitor", "DC_Drivers\DC_OpcMonitor\DC_OpcMonitor.csproj", "{93B6123F-0A2A-426E-AAE3-802AF8B4B7ED}"
EndProject
Project("{FAE04EC0-301F-11D3-BF4B-00C04F79EFBC}") = "DP004", "BL_Drivers\DP004\DP004.csproj", "{BF09FB9E-DBE0-4FE0-812D-5380FB56D136}"
EndProject
Project("{FAE04EC0-301F-11D3-BF4B-00C04F79EFBC}") = "DP005", "BL_Drivers\DP005\DP005.csproj", "{051E6D63-202A-493A-9518-86133F3DA1B1}"
	ProjectSection(ProjectDependencies) = postProject
		{977C2775-9990-4F97-9115-42D2E0AAA052} = {977C2775-9990-4F97-9115-42D2E0AAA052}
	EndProjectSection
EndProject
Project("{FAE04EC0-301F-11D3-BF4B-00C04F79EFBC}") = "DP_MouldSelection", "BL_Drivers\DP_MouldSelection\DP_MouldSelection.csproj", "{3D9AB6CD-0D9C-484C-8169-5BB3E44587FB}"
	ProjectSection(ProjectDependencies) = postProject
		{977C2775-9990-4F97-9115-42D2E0AAA052} = {977C2775-9990-4F97-9115-42D2E0AAA052}
	EndProjectSection
EndProject
Project("{2150E333-8FDC-42A3-9474-1A3956D46DE8}") = "TK_Drivers", "TK_Drivers", "{111C50E4-C143-47C3-B272-80DFBE578013}"
EndProject
Project("{FAE04EC0-301F-11D3-BF4B-00C04F79EFBC}") = "TP001", "TK_Drivers\TP001\TP001.csproj", "{365B0C9C-3A3A-4785-937D-1A24A308AB75}"
	ProjectSection(ProjectDependencies) = postProject
		{977C2775-9990-4F97-9115-42D2E0AAA052} = {977C2775-9990-4F97-9115-42D2E0AAA052}
	EndProjectSection
EndProject
Project("{FAE04EC0-301F-11D3-BF4B-00C04F79EFBC}") = "DP_Quality", "BL_Drivers\DP_Quality\DP_Quality.csproj", "{FEF7F946-C1C2-48CE-A145-0680010071C0}"
	ProjectSection(ProjectDependencies) = postProject
		{977C2775-9990-4F97-9115-42D2E0AAA052} = {977C2775-9990-4F97-9115-42D2E0AAA052}
	EndProjectSection
EndProject
Global
	GlobalSection(SolutionConfigurationPlatforms) = preSolution
		Debug|Any CPU = Debug|Any CPU
		Debug|Mixed Platforms = Debug|Mixed Platforms
		Debug|x86 = Debug|x86
		Release|Any CPU = Release|Any CPU
		Release|Mixed Platforms = Release|Mixed Platforms
		Release|x86 = Release|x86
	EndGlobalSection
	GlobalSection(ProjectConfigurationPlatforms) = postSolution
		{7BB4BE79-70CF-40EA-BB29-5D4A8914ED05}.Debug|Any CPU.ActiveCfg = Debug|Any CPU
		{7BB4BE79-70CF-40EA-BB29-5D4A8914ED05}.Debug|Any CPU.Build.0 = Debug|Any CPU
		{7BB4BE79-70CF-40EA-BB29-5D4A8914ED05}.Debug|Mixed Platforms.ActiveCfg = Debug|Any CPU
		{7BB4BE79-70CF-40EA-BB29-5D4A8914ED05}.Debug|Mixed Platforms.Build.0 = Debug|Any CPU
		{7BB4BE79-70CF-40EA-BB29-5D4A8914ED05}.Debug|x86.ActiveCfg = Debug|Any CPU
		{7BB4BE79-70CF-40EA-BB29-5D4A8914ED05}.Release|Any CPU.ActiveCfg = Release|Any CPU
		{7BB4BE79-70CF-40EA-BB29-5D4A8914ED05}.Release|Any CPU.Build.0 = Release|Any CPU
		{7BB4BE79-70CF-40EA-BB29-5D4A8914ED05}.Release|Mixed Platforms.ActiveCfg = Release|Any CPU
		{7BB4BE79-70CF-40EA-BB29-5D4A8914ED05}.Release|Mixed Platforms.Build.0 = Release|Any CPU
		{7BB4BE79-70CF-40EA-BB29-5D4A8914ED05}.Release|x86.ActiveCfg = Release|Any CPU
		{2012C59C-413B-4F62-8FF8-18B4E3D25800}.Debug|Any CPU.ActiveCfg = Debug|Any CPU
		{2012C59C-413B-4F62-8FF8-18B4E3D25800}.Debug|Any CPU.Build.0 = Debug|Any CPU
		{2012C59C-413B-4F62-8FF8-18B4E3D25800}.Debug|Mixed Platforms.ActiveCfg = Debug|Any CPU
		{2012C59C-413B-4F62-8FF8-18B4E3D25800}.Debug|Mixed Platforms.Build.0 = Debug|Any CPU
		{2012C59C-413B-4F62-8FF8-18B4E3D25800}.Debug|x86.ActiveCfg = Debug|Any CPU
		{2012C59C-413B-4F62-8FF8-18B4E3D25800}.Release|Any CPU.ActiveCfg = Release|Any CPU
		{2012C59C-413B-4F62-8FF8-18B4E3D25800}.Release|Any CPU.Build.0 = Release|Any CPU
		{2012C59C-413B-4F62-8FF8-18B4E3D25800}.Release|Mixed Platforms.ActiveCfg = Release|Any CPU
		{2012C59C-413B-4F62-8FF8-18B4E3D25800}.Release|Mixed Platforms.Build.0 = Release|Any CPU
		{2012C59C-413B-4F62-8FF8-18B4E3D25800}.Release|x86.ActiveCfg = Release|Any CPU
		{977C2775-9990-4F97-9115-42D2E0AAA052}.Debug|Any CPU.ActiveCfg = Debug|Any CPU
		{977C2775-9990-4F97-9115-42D2E0AAA052}.Debug|Any CPU.Build.0 = Debug|Any CPU
		{977C2775-9990-4F97-9115-42D2E0AAA052}.Debug|Mixed Platforms.ActiveCfg = Debug|Any CPU
		{977C2775-9990-4F97-9115-42D2E0AAA052}.Debug|Mixed Platforms.Build.0 = Debug|Any CPU
		{977C2775-9990-4F97-9115-42D2E0AAA052}.Debug|x86.ActiveCfg = Debug|Any CPU
		{977C2775-9990-4F97-9115-42D2E0AAA052}.Release|Any CPU.ActiveCfg = Release|Any CPU
		{977C2775-9990-4F97-9115-42D2E0AAA052}.Release|Any CPU.Build.0 = Release|Any CPU
		{977C2775-9990-4F97-9115-42D2E0AAA052}.Release|Mixed Platforms.ActiveCfg = Release|Any CPU
		{977C2775-9990-4F97-9115-42D2E0AAA052}.Release|Mixed Platforms.Build.0 = Release|Any CPU
		{977C2775-9990-4F97-9115-42D2E0AAA052}.Release|x86.ActiveCfg = Release|Any CPU
		{FEEC80F0-6C85-4B60-9658-CDA3D03C10A7}.Debug|Any CPU.ActiveCfg = Debug|x86
		{FEEC80F0-6C85-4B60-9658-CDA3D03C10A7}.Debug|Mixed Platforms.ActiveCfg = Debug|x86
		{FEEC80F0-6C85-4B60-9658-CDA3D03C10A7}.Debug|Mixed Platforms.Build.0 = Debug|x86
		{FEEC80F0-6C85-4B60-9658-CDA3D03C10A7}.Debug|x86.ActiveCfg = Debug|x86
		{FEEC80F0-6C85-4B60-9658-CDA3D03C10A7}.Debug|x86.Build.0 = Debug|x86
		{FEEC80F0-6C85-4B60-9658-CDA3D03C10A7}.Release|Any CPU.ActiveCfg = Release|x86
		{FEEC80F0-6C85-4B60-9658-CDA3D03C10A7}.Release|Mixed Platforms.ActiveCfg = Release|x86
		{FEEC80F0-6C85-4B60-9658-CDA3D03C10A7}.Release|Mixed Platforms.Build.0 = Release|x86
		{FEEC80F0-6C85-4B60-9658-CDA3D03C10A7}.Release|x86.ActiveCfg = Release|x86
		{FEEC80F0-6C85-4B60-9658-CDA3D03C10A7}.Release|x86.Build.0 = Release|x86
		{0248EB3A-98AB-43E8-9E6A-A5B1B7676905}.Debug|Any CPU.ActiveCfg = Debug|x86
		{0248EB3A-98AB-43E8-9E6A-A5B1B7676905}.Debug|Mixed Platforms.ActiveCfg = Debug|x86
		{0248EB3A-98AB-43E8-9E6A-A5B1B7676905}.Debug|Mixed Platforms.Build.0 = Debug|x86
		{0248EB3A-98AB-43E8-9E6A-A5B1B7676905}.Debug|x86.ActiveCfg = Debug|x86
		{0248EB3A-98AB-43E8-9E6A-A5B1B7676905}.Debug|x86.Build.0 = Debug|x86
		{0248EB3A-98AB-43E8-9E6A-A5B1B7676905}.Release|Any CPU.ActiveCfg = Release|x86
		{0248EB3A-98AB-43E8-9E6A-A5B1B7676905}.Release|Mixed Platforms.ActiveCfg = Release|x86
		{0248EB3A-98AB-43E8-9E6A-A5B1B7676905}.Release|Mixed Platforms.Build.0 = Release|x86
		{0248EB3A-98AB-43E8-9E6A-A5B1B7676905}.Release|x86.ActiveCfg = Release|x86
		{0248EB3A-98AB-43E8-9E6A-A5B1B7676905}.Release|x86.Build.0 = Release|x86
		{EABB28F9-0D8F-4152-BDD3-4DF086915914}.Debug|Any CPU.ActiveCfg = Debug|Any CPU
		{EABB28F9-0D8F-4152-BDD3-4DF086915914}.Debug|Any CPU.Build.0 = Debug|Any CPU
		{EABB28F9-0D8F-4152-BDD3-4DF086915914}.Debug|Mixed Platforms.ActiveCfg = Debug|Any CPU
		{EABB28F9-0D8F-4152-BDD3-4DF086915914}.Debug|Mixed Platforms.Build.0 = Debug|Any CPU
		{EABB28F9-0D8F-4152-BDD3-4DF086915914}.Debug|x86.ActiveCfg = Debug|Any CPU
		{EABB28F9-0D8F-4152-BDD3-4DF086915914}.Release|Any CPU.ActiveCfg = Release|Any CPU
		{EABB28F9-0D8F-4152-BDD3-4DF086915914}.Release|Any CPU.Build.0 = Release|Any CPU
		{EABB28F9-0D8F-4152-BDD3-4DF086915914}.Release|Mixed Platforms.ActiveCfg = Release|Any CPU
		{EABB28F9-0D8F-4152-BDD3-4DF086915914}.Release|Mixed Platforms.Build.0 = Release|Any CPU
		{EABB28F9-0D8F-4152-BDD3-4DF086915914}.Release|x86.ActiveCfg = Release|Any CPU
		{51AA2F7A-339E-45ED-A273-8BAB556A5759}.Debug|Any CPU.ActiveCfg = Debug|x86
		{51AA2F7A-339E-45ED-A273-8BAB556A5759}.Debug|Mixed Platforms.ActiveCfg = Debug|x86
		{51AA2F7A-339E-45ED-A273-8BAB556A5759}.Debug|Mixed Platforms.Build.0 = Debug|x86
		{51AA2F7A-339E-45ED-A273-8BAB556A5759}.Debug|x86.ActiveCfg = Debug|x86
		{51AA2F7A-339E-45ED-A273-8BAB556A5759}.Debug|x86.Build.0 = Debug|x86
		{51AA2F7A-339E-45ED-A273-8BAB556A5759}.Release|Any CPU.ActiveCfg = Release|x86
		{51AA2F7A-339E-45ED-A273-8BAB556A5759}.Release|Mixed Platforms.ActiveCfg = Release|x86
		{51AA2F7A-339E-45ED-A273-8BAB556A5759}.Release|Mixed Platforms.Build.0 = Release|x86
		{51AA2F7A-339E-45ED-A273-8BAB556A5759}.Release|x86.ActiveCfg = Release|x86
		{51AA2F7A-339E-45ED-A273-8BAB556A5759}.Release|x86.Build.0 = Release|x86
		{58BD4F75-2070-4DF3-9DB7-0B1547FED6A6}.Debug|Any CPU.ActiveCfg = Debug|Any CPU
		{58BD4F75-2070-4DF3-9DB7-0B1547FED6A6}.Debug|Any CPU.Build.0 = Debug|Any CPU
		{58BD4F75-2070-4DF3-9DB7-0B1547FED6A6}.Debug|Mixed Platforms.ActiveCfg = Debug|Any CPU
		{58BD4F75-2070-4DF3-9DB7-0B1547FED6A6}.Debug|Mixed Platforms.Build.0 = Debug|Any CPU
		{58BD4F75-2070-4DF3-9DB7-0B1547FED6A6}.Debug|x86.ActiveCfg = Debug|Any CPU
		{58BD4F75-2070-4DF3-9DB7-0B1547FED6A6}.Release|Any CPU.ActiveCfg = Release|Any CPU
		{58BD4F75-2070-4DF3-9DB7-0B1547FED6A6}.Release|Any CPU.Build.0 = Release|Any CPU
		{58BD4F75-2070-4DF3-9DB7-0B1547FED6A6}.Release|Mixed Platforms.ActiveCfg = Release|Any CPU
		{58BD4F75-2070-4DF3-9DB7-0B1547FED6A6}.Release|Mixed Platforms.Build.0 = Release|Any CPU
		{58BD4F75-2070-4DF3-9DB7-0B1547FED6A6}.Release|x86.ActiveCfg = Release|Any CPU
		{81B7DDD1-D4E4-419D-B901-C4135878EDEC}.Debug|Any CPU.ActiveCfg = Debug|Any CPU
		{81B7DDD1-D4E4-419D-B901-C4135878EDEC}.Debug|Any CPU.Build.0 = Debug|Any CPU
		{81B7DDD1-D4E4-419D-B901-C4135878EDEC}.Debug|Mixed Platforms.ActiveCfg = Debug|Any CPU
		{81B7DDD1-D4E4-419D-B901-C4135878EDEC}.Debug|Mixed Platforms.Build.0 = Debug|Any CPU
		{81B7DDD1-D4E4-419D-B901-C4135878EDEC}.Debug|x86.ActiveCfg = Debug|Any CPU
		{81B7DDD1-D4E4-419D-B901-C4135878EDEC}.Release|Any CPU.ActiveCfg = Release|Any CPU
		{81B7DDD1-D4E4-419D-B901-C4135878EDEC}.Release|Any CPU.Build.0 = Release|Any CPU
		{81B7DDD1-D4E4-419D-B901-C4135878EDEC}.Release|Mixed Platforms.ActiveCfg = Release|Any CPU
		{81B7DDD1-D4E4-419D-B901-C4135878EDEC}.Release|Mixed Platforms.Build.0 = Release|Any CPU
		{81B7DDD1-D4E4-419D-B901-C4135878EDEC}.Release|x86.ActiveCfg = Release|Any CPU
		{2FD7F87D-A87E-4FE0-9B0E-7CD25EAF2CD0}.Debug|Any CPU.ActiveCfg = Debug|Any CPU
		{2FD7F87D-A87E-4FE0-9B0E-7CD25EAF2CD0}.Debug|Any CPU.Build.0 = Debug|Any CPU
		{2FD7F87D-A87E-4FE0-9B0E-7CD25EAF2CD0}.Debug|Mixed Platforms.ActiveCfg = Debug|Any CPU
		{2FD7F87D-A87E-4FE0-9B0E-7CD25EAF2CD0}.Debug|Mixed Platforms.Build.0 = Debug|Any CPU
		{2FD7F87D-A87E-4FE0-9B0E-7CD25EAF2CD0}.Debug|x86.ActiveCfg = Debug|Any CPU
		{2FD7F87D-A87E-4FE0-9B0E-7CD25EAF2CD0}.Release|Any CPU.ActiveCfg = Release|Any CPU
		{2FD7F87D-A87E-4FE0-9B0E-7CD25EAF2CD0}.Release|Any CPU.Build.0 = Release|Any CPU
		{2FD7F87D-A87E-4FE0-9B0E-7CD25EAF2CD0}.Release|Mixed Platforms.ActiveCfg = Release|Any CPU
		{2FD7F87D-A87E-4FE0-9B0E-7CD25EAF2CD0}.Release|Mixed Platforms.Build.0 = Release|Any CPU
		{2FD7F87D-A87E-4FE0-9B0E-7CD25EAF2CD0}.Release|x86.ActiveCfg = Release|Any CPU
		{EC4FB9AE-3B32-47D6-A891-70FD9AA2CB4D}.Debug|Any CPU.ActiveCfg = Debug|Any CPU
		{EC4FB9AE-3B32-47D6-A891-70FD9AA2CB4D}.Debug|Any CPU.Build.0 = Debug|Any CPU
		{EC4FB9AE-3B32-47D6-A891-70FD9AA2CB4D}.Debug|Mixed Platforms.ActiveCfg = Debug|Any CPU
		{EC4FB9AE-3B32-47D6-A891-70FD9AA2CB4D}.Debug|Mixed Platforms.Build.0 = Debug|Any CPU
		{EC4FB9AE-3B32-47D6-A891-70FD9AA2CB4D}.Debug|x86.ActiveCfg = Debug|Any CPU
		{EC4FB9AE-3B32-47D6-A891-70FD9AA2CB4D}.Release|Any CPU.ActiveCfg = Release|Any CPU
		{EC4FB9AE-3B32-47D6-A891-70FD9AA2CB4D}.Release|Any CPU.Build.0 = Release|Any CPU
		{EC4FB9AE-3B32-47D6-A891-70FD9AA2CB4D}.Release|Mixed Platforms.ActiveCfg = Release|Any CPU
		{EC4FB9AE-3B32-47D6-A891-70FD9AA2CB4D}.Release|Mixed Platforms.Build.0 = Release|Any CPU
		{EC4FB9AE-3B32-47D6-A891-70FD9AA2CB4D}.Release|x86.ActiveCfg = Release|Any CPU
		{CF2A8342-0C4C-49E1-AE1F-8CF97C464AB1}.Debug|Any CPU.ActiveCfg = Debug|Any CPU
		{CF2A8342-0C4C-49E1-AE1F-8CF97C464AB1}.Debug|Any CPU.Build.0 = Debug|Any CPU
		{CF2A8342-0C4C-49E1-AE1F-8CF97C464AB1}.Debug|Mixed Platforms.ActiveCfg = Debug|Any CPU
		{CF2A8342-0C4C-49E1-AE1F-8CF97C464AB1}.Debug|Mixed Platforms.Build.0 = Debug|Any CPU
		{CF2A8342-0C4C-49E1-AE1F-8CF97C464AB1}.Debug|x86.ActiveCfg = Debug|Any CPU
		{CF2A8342-0C4C-49E1-AE1F-8CF97C464AB1}.Release|Any CPU.ActiveCfg = Release|Any CPU
		{CF2A8342-0C4C-49E1-AE1F-8CF97C464AB1}.Release|Any CPU.Build.0 = Release|Any CPU
		{CF2A8342-0C4C-49E1-AE1F-8CF97C464AB1}.Release|Mixed Platforms.ActiveCfg = Release|Any CPU
		{CF2A8342-0C4C-49E1-AE1F-8CF97C464AB1}.Release|Mixed Platforms.Build.0 = Release|Any CPU
		{CF2A8342-0C4C-49E1-AE1F-8CF97C464AB1}.Release|x86.ActiveCfg = Release|Any CPU
		{93B6123F-0A2A-426E-AAE3-802AF8B4B7ED}.Debug|Any CPU.ActiveCfg = Debug|Any CPU
		{93B6123F-0A2A-426E-AAE3-802AF8B4B7ED}.Debug|Any CPU.Build.0 = Debug|Any CPU
		{93B6123F-0A2A-426E-AAE3-802AF8B4B7ED}.Debug|Mixed Platforms.ActiveCfg = Debug|Any CPU
		{93B6123F-0A2A-426E-AAE3-802AF8B4B7ED}.Debug|Mixed Platforms.Build.0 = Debug|Any CPU
		{93B6123F-0A2A-426E-AAE3-802AF8B4B7ED}.Debug|x86.ActiveCfg = Debug|Any CPU
		{93B6123F-0A2A-426E-AAE3-802AF8B4B7ED}.Release|Any CPU.ActiveCfg = Release|Any CPU
		{93B6123F-0A2A-426E-AAE3-802AF8B4B7ED}.Release|Any CPU.Build.0 = Release|Any CPU
		{93B6123F-0A2A-426E-AAE3-802AF8B4B7ED}.Release|Mixed Platforms.ActiveCfg = Release|Any CPU
		{93B6123F-0A2A-426E-AAE3-802AF8B4B7ED}.Release|Mixed Platforms.Build.0 = Release|Any CPU
		{93B6123F-0A2A-426E-AAE3-802AF8B4B7ED}.Release|x86.ActiveCfg = Release|Any CPU
		{BF09FB9E-DBE0-4FE0-812D-5380FB56D136}.Debug|Any CPU.ActiveCfg = Debug|Any CPU
		{BF09FB9E-DBE0-4FE0-812D-5380FB56D136}.Debug|Any CPU.Build.0 = Debug|Any CPU
		{BF09FB9E-DBE0-4FE0-812D-5380FB56D136}.Debug|Mixed Platforms.ActiveCfg = Debug|Any CPU
		{BF09FB9E-DBE0-4FE0-812D-5380FB56D136}.Debug|Mixed Platforms.Build.0 = Debug|Any CPU
		{BF09FB9E-DBE0-4FE0-812D-5380FB56D136}.Debug|x86.ActiveCfg = Debug|Any CPU
		{BF09FB9E-DBE0-4FE0-812D-5380FB56D136}.Release|Any CPU.ActiveCfg = Release|Any CPU
		{BF09FB9E-DBE0-4FE0-812D-5380FB56D136}.Release|Any CPU.Build.0 = Release|Any CPU
		{BF09FB9E-DBE0-4FE0-812D-5380FB56D136}.Release|Mixed Platforms.ActiveCfg = Release|Any CPU
		{BF09FB9E-DBE0-4FE0-812D-5380FB56D136}.Release|Mixed Platforms.Build.0 = Release|Any CPU
		{BF09FB9E-DBE0-4FE0-812D-5380FB56D136}.Release|x86.ActiveCfg = Release|Any CPU
		{051E6D63-202A-493A-9518-86133F3DA1B1}.Debug|Any CPU.ActiveCfg = Debug|Any CPU
		{051E6D63-202A-493A-9518-86133F3DA1B1}.Debug|Any CPU.Build.0 = Debug|Any CPU
		{051E6D63-202A-493A-9518-86133F3DA1B1}.Debug|Mixed Platforms.ActiveCfg = Debug|Any CPU
		{051E6D63-202A-493A-9518-86133F3DA1B1}.Debug|Mixed Platforms.Build.0 = Debug|Any CPU
		{051E6D63-202A-493A-9518-86133F3DA1B1}.Debug|x86.ActiveCfg = Debug|Any CPU
		{051E6D63-202A-493A-9518-86133F3DA1B1}.Release|Any CPU.ActiveCfg = Release|Any CPU
		{051E6D63-202A-493A-9518-86133F3DA1B1}.Release|Any CPU.Build.0 = Release|Any CPU
		{051E6D63-202A-493A-9518-86133F3DA1B1}.Release|Mixed Platforms.ActiveCfg = Release|Any CPU
		{051E6D63-202A-493A-9518-86133F3DA1B1}.Release|Mixed Platforms.Build.0 = Release|Any CPU
		{051E6D63-202A-493A-9518-86133F3DA1B1}.Release|x86.ActiveCfg = Release|Any CPU
		{3D9AB6CD-0D9C-484C-8169-5BB3E44587FB}.Debug|Any CPU.ActiveCfg = Debug|Any CPU
		{3D9AB6CD-0D9C-484C-8169-5BB3E44587FB}.Debug|Any CPU.Build.0 = Debug|Any CPU
		{3D9AB6CD-0D9C-484C-8169-5BB3E44587FB}.Debug|Mixed Platforms.ActiveCfg = Debug|Any CPU
		{3D9AB6CD-0D9C-484C-8169-5BB3E44587FB}.Debug|Mixed Platforms.Build.0 = Debug|Any CPU
		{3D9AB6CD-0D9C-484C-8169-5BB3E44587FB}.Debug|x86.ActiveCfg = Debug|Any CPU
		{3D9AB6CD-0D9C-484C-8169-5BB3E44587FB}.Release|Any CPU.ActiveCfg = Release|Any CPU
		{3D9AB6CD-0D9C-484C-8169-5BB3E44587FB}.Release|Any CPU.Build.0 = Release|Any CPU
		{3D9AB6CD-0D9C-484C-8169-5BB3E44587FB}.Release|Mixed Platforms.ActiveCfg = Release|Any CPU
		{3D9AB6CD-0D9C-484C-8169-5BB3E44587FB}.Release|Mixed Platforms.Build.0 = Release|Any CPU
		{3D9AB6CD-0D9C-484C-8169-5BB3E44587FB}.Release|x86.ActiveCfg = Release|Any CPU
		{365B0C9C-3A3A-4785-937D-1A24A308AB75}.Debug|Any CPU.ActiveCfg = Debug|Any CPU
		{365B0C9C-3A3A-4785-937D-1A24A308AB75}.Debug|Any CPU.Build.0 = Debug|Any CPU
		{365B0C9C-3A3A-4785-937D-1A24A308AB75}.Debug|Mixed Platforms.ActiveCfg = Debug|Any CPU
		{365B0C9C-3A3A-4785-937D-1A24A308AB75}.Debug|Mixed Platforms.Build.0 = Debug|Any CPU
		{365B0C9C-3A3A-4785-937D-1A24A308AB75}.Debug|x86.ActiveCfg = Debug|Any CPU
		{365B0C9C-3A3A-4785-937D-1A24A308AB75}.Release|Any CPU.ActiveCfg = Release|Any CPU
		{365B0C9C-3A3A-4785-937D-1A24A308AB75}.Release|Any CPU.Build.0 = Release|Any CPU
		{365B0C9C-3A3A-4785-937D-1A24A308AB75}.Release|Mixed Platforms.ActiveCfg = Release|Any CPU
		{365B0C9C-3A3A-4785-937D-1A24A308AB75}.Release|Mixed Platforms.Build.0 = Release|Any CPU
		{365B0C9C-3A3A-4785-937D-1A24A308AB75}.Release|x86.ActiveCfg = Release|Any CPU
		{FEF7F946-C1C2-48CE-A145-0680010071C0}.Debug|Any CPU.ActiveCfg = Debug|Any CPU
		{FEF7F946-C1C2-48CE-A145-0680010071C0}.Debug|Any CPU.Build.0 = Debug|Any CPU
		{FEF7F946-C1C2-48CE-A145-0680010071C0}.Debug|Mixed Platforms.ActiveCfg = Debug|Any CPU
		{FEF7F946-C1C2-48CE-A145-0680010071C0}.Debug|Mixed Platforms.Build.0 = Debug|Any CPU
		{FEF7F946-C1C2-48CE-A145-0680010071C0}.Debug|x86.ActiveCfg = Debug|Any CPU
		{FEF7F946-C1C2-48CE-A145-0680010071C0}.Release|Any CPU.ActiveCfg = Release|Any CPU
		{FEF7F946-C1C2-48CE-A145-0680010071C0}.Release|Any CPU.Build.0 = Release|Any CPU
		{FEF7F946-C1C2-48CE-A145-0680010071C0}.Release|Mixed Platforms.ActiveCfg = Release|Any CPU
		{FEF7F946-C1C2-48CE-A145-0680010071C0}.Release|Mixed Platforms.Build.0 = Release|Any CPU
		{FEF7F946-C1C2-48CE-A145-0680010071C0}.Release|x86.ActiveCfg = Release|Any CPU
	EndGlobalSection
	GlobalSection(SolutionProperties) = preSolution
		HideSolutionNode = FALSE
	EndGlobalSection
	GlobalSection(NestedProjects) = preSolution
		{58BD4F75-2070-4DF3-9DB7-0B1547FED6A6} = {CECED217-D24F-46EF-9548-700B508443FE}
		{81B7DDD1-D4E4-419D-B901-C4135878EDEC} = {CECED217-D24F-46EF-9548-700B508443FE}
		{2FD7F87D-A87E-4FE0-9B0E-7CD25EAF2CD0} = {CECED217-D24F-46EF-9548-700B508443FE}
		{EC4FB9AE-3B32-47D6-A891-70FD9AA2CB4D} = {CECED217-D24F-46EF-9548-700B508443FE}
		{CF2A8342-0C4C-49E1-AE1F-8CF97C464AB1} = {CECED217-D24F-46EF-9548-700B508443FE}
		{BF09FB9E-DBE0-4FE0-812D-5380FB56D136} = {CECED217-D24F-46EF-9548-700B508443FE}
		{051E6D63-202A-493A-9518-86133F3DA1B1} = {CECED217-D24F-46EF-9548-700B508443FE}
		{3D9AB6CD-0D9C-484C-8169-5BB3E44587FB} = {CECED217-D24F-46EF-9548-700B508443FE}
		{FEF7F946-C1C2-48CE-A145-0680010071C0} = {CECED217-D24F-46EF-9548-700B508443FE}
		{93B6123F-0A2A-426E-AAE3-802AF8B4B7ED} = {EA090EA4-4383-4375-A0C4-16E05E224536}
		{365B0C9C-3A3A-4785-937D-1A24A308AB75} = {111C50E4-C143-47C3-B272-80DFBE578013}
	EndGlobalSection
EndGlobal
